github.com/coreos/etcd v3.2.6+incompatible h1:oJYx5qAPH+8qt6Y1u6cQrXblBnRyGzif88++ICKWxo0=
github.com/coreos/etcd v3.2.6+incompatible/go.mod h1:uF7uidLiAD3TWHmW31ZFd/JWoc32PjwdhPthX9715RE=
github.com/cpuguy83/go-md2man v1.0.7 h1:DVS0EPFHUiaJSaX2EKlaf65HUmk9PXhOl/Xa3Go242Q=
github.com/cpuguy83/go-md2man v1.0.7/go.mod h1:N6JayAiVKtlHSnuTCeuLSQVs75hb8q+dYQLjr7cDsKY=
github.com/golang/glog v0.0.0-20160126235308-23def4e6c14b h1:VKtxabqXZkF25pY9ekfRL6a582T4P37/31XEstQ5p58=
github.com/golang/glog v0.0.0-20160126235308-23def4e6c14b/go.mod h1:SBH7ygxi8pfUlaOkMMuAQtPIUF8ecWP5IEl/CR7VP2Q=
github.com/golang/protobuf v0.0.0-20161109072736-4bd1920723d7 h1:VoRHccBV7zFWlO/I85D1ke/x5Ak9Y7gKm9gkf7LHNhI=
github.com/golang/protobuf v0.0.0-20161109072736-4bd1920723d7/go.mod h1:6lQm79b+lXiMfvg/cZm0SGofjICqVBUtrP5yJMmIC1U=
github.com/inconshreveable/mousetrap v1.0.0 h1:Z8tu5sraLXCXIcARxBp/8cbvlwVa7Z1NHg9XEKhtSvM=
github.com/inconshreveable/mousetrap v1.0.0/go.mod h1:PxqpIevigyE2G7u3NXJIT2ANytuPF1OarO4DADm73n8=
github.com/russross/blackfriday v0.0.0-20170728175326-4048872b16cc h1:Ng688TEbTGosxh0B0IQ7NqUMYZiERtWbGGGEvRLKjh4=
github.com/russross/blackfriday v0.0.0-20170728175326-4048872b16cc/go.mod h1:JO/DiYxRf+HjHt06OyowR9PTA263kcR/rfWxYHBV53g=
github.com/samuel/go-zookeeper v0.0.0-20170815201139-e6b59f6144be h1:9prAjluC9cN0nht+csYXr3isly4OvAEfch9+VVFnn4U=
github.com/samuel/go-zookeeper v0.0.0-20170815201139-e6b59f6144be/go.mod h1:gi+0XIa01GRL2eRQVjQkKGqKF3SF9vZR/HnPullcV2E=
github.com/spf13/cobra v0.0.0-20151124153217-1c44ec8d3f15 h1:x2QTuHA5vXuhN7ZzzJNnGNItiOsvFZrq23mWI5qLjAE=
github.com/spf13/cobra v0.0.0-20151124153217-1c44ec8d3f15/go.mod h1:1l0Ry5zgKvJasoi3XT1TypsSe7PqH0Sj9dhYf7v3XqQ=
github.com/spf13/pflag v1.0.0 h1:oaPbdDe/x0UncahuwiPxW1GYJyilRAdsPnq3e1yaPcI=
github.com/spf13/pflag v1.0.0/go.mod h1:DYY7MBk1bdzusC3SYhjObp+wFpr4gzcvqqNjLnInEg4=
golang.org/x/net v0.0.0-20170421002609-c8c74377599b h1:0xi+vCJycVjnuU8kmgp0TaCZ1jHkqfhLs1Tg7hLwmyg=
golang.org/x/net v0.0.0-20170421002609-c8c74377599b/go.mod h1:mL1N/T3taQHkDXs73rZJwtUhF3w3ftmwwsq0BUmARs4=
golang.org/x/text v0.0.0-20170810154203-b19bf474d317 h1:WKW+OPdYPlvOTVGHuMfjnIC6yY2SI93yFB0pZ7giBmQ=
golang.org/x/text v0.0.0-20170810154203-b19bf474d317/go.mod h1:NqM8EUOU14njkJ3fqMW+pc6Ldnwhi/IjpwHt7yyuwOQ=
google.golang.org/grpc v1.2.1 h1:uXbsPclX7+aYIzPCched4e5D5dguzKH7wW8cyJ9r2Pk=
google.golang.org/grpc v1.2.1/go.mod h1:yo6s7OP7yaDglbqo1J04qKzAhqBH6lvTonzMVmEdcZw=
